
Microsoft Visual Studio Solution File, Format Version 12.00
# Visual Studio Version 17
VisualStudioVersion = 17.9.34622.214
MinimumVisualStudioVersion = 10.0.40219.1
Project("{FAE04EC0-301F-11D3-BF4B-00C04F79EFBC}") = "ConsultCnpj", "ConsultCnpj\ConsultCnpj.csproj", "{23506889-F2E4-4569-8104-90D8D0122B49}"
EndProject
Global
	GlobalSection(SolutionConfigurationPlatforms) = preSolution
		Debug|Any CPU = Debug|Any CPU
		Release|Any CPU = Release|Any CPU
	EndGlobalSection
	GlobalSection(ProjectConfigurationPlatforms) = postSolution
		{23506889-F2E4-4569-8104-90D8D0122B49}.Debug|Any CPU.ActiveCfg = Debug|Any CPU
		{23506889-F2E4-4569-8104-90D8D0122B49}.Debug|Any CPU.Build.0 = Debug|Any CPU
		{23506889-F2E4-4569-8104-90D8D0122B49}.Release|Any CPU.ActiveCfg = Release|Any CPU
		{23506889-F2E4-4569-8104-90D8D0122B49}.Release|Any CPU.Build.0 = Release|Any CPU
	EndGlobalSection
	GlobalSection(SolutionProperties) = preSolution
		HideSolutionNode = FALSE
	EndGlobalSection
	GlobalSection(ExtensibilityGlobals) = postSolution
		SolutionGuid = {FDB69436-4672-4C94-A676-C014E9EA31C9}
	EndGlobalSection
EndGlobal
